
Microsoft Visual Studio Solution File, Format Version 12.00
# Visual Studio Version 17
VisualStudioVersion = 17.4.33213.308
MinimumVisualStudioVersion = 10.0.40219.1
Project("{FAE04EC0-301F-11D3-BF4B-00C04F79EFBC}") = "AWS.DynamoDBExampleProject", "AWS.DynamoDBExampleProject\AWS.DynamoDBExampleProject.csproj", "{422F56F6-B7CB-4243-AD68-64C28460D8EE}"
EndProject
Global
	GlobalSection(SolutionConfigurationPlatforms) = preSolution
		Debug|Any CPU = Debug|Any CPU
		Release|Any CPU = Release|Any CPU
	EndGlobalSection
	GlobalSection(ProjectConfigurationPlatforms) = postSolution
		{422F56F6-B7CB-4243-AD68-64C28460D8EE}.Debug|Any CPU.ActiveCfg = Debug|Any CPU
		{422F56F6-B7CB-4243-AD68-64C28460D8EE}.Debug|Any CPU.Build.0 = Debug|Any CPU
		{422F56F6-B7CB-4243-AD68-64C28460D8EE}.Release|Any CPU.ActiveCfg = Release|Any CPU
		{422F56F6-B7CB-4243-AD68-64C28460D8EE}.Release|Any CPU.Build.0 = Release|Any CPU
	EndGlobalSection
	GlobalSection(SolutionProperties) = preSolution
		HideSolutionNode = FALSE
	EndGlobalSection
	GlobalSection(ExtensibilityGlobals) = postSolution
		SolutionGuid = {6B31093E-787E-4E03-8AB0-669D6F295C89}
	EndGlobalSection
EndGlobal
